// !$*UTF8*$!
{
	archiveVersion = 1;
	classes = {
	};
	objectVersion = 56;
	objects = {

/* Begin PBXBuildFile section */
		CDC666492AEF955400739BF6 /* ReqResAPIApp.swift in Sources */ = {isa = PBXBuildFile; fileRef = CDC666482AEF955400739BF6 /* ReqResAPIApp.swift */; };
		CDC6664B2AEF955400739BF6 /* ContentView.swift in Sources */ = {isa = PBXBuildFile; fileRef = CDC6664A2AEF955400739BF6 /* ContentView.swift */; };
		CDC6664D2AEF955800739BF6 /* Assets.xcassets in Resources */ = {isa = PBXBuildFile; fileRef = CDC6664C2AEF955800739BF6 /* Assets.xcassets */; };
		CDC666502AEF955800739BF6 /* Preview Assets.xcassets in Resources */ = {isa = PBXBuildFile; fileRef = CDC6664F2AEF955800739BF6 /* Preview Assets.xcassets */; };
		CDC666592AEF961300739BF6 /* SingleUserData.json in Resources */ = {isa = PBXBuildFile; fileRef = CDC666582AEF961300739BF6 /* SingleUserData.json */; };
		CDC6665B2AEF962F00739BF6 /* UsersStaticData.json in Resources */ = {isa = PBXBuildFile; fileRef = CDC6665A2AEF962F00739BF6 /* UsersStaticData.json */; };
		CDC6665D2AEF97F700739BF6 /* Theme.swift in Sources */ = {isa = PBXBuildFile; fileRef = CDC6665C2AEF97F700739BF6 /* Theme.swift */; };
		CDC6665F2AEF986900739BF6 /* Symbols.swift in Sources */ = {isa = PBXBuildFile; fileRef = CDC6665E2AEF986900739BF6 /* Symbols.swift */; };
		CDC666672AEFA35200739BF6 /* PeopleView.swift in Sources */ = {isa = PBXBuildFile; fileRef = CDC666662AEFA35200739BF6 /* PeopleView.swift */; };
		CDC666692AEFA4C200739BF6 /* PeopleItemView.swift in Sources */ = {isa = PBXBuildFile; fileRef = CDC666682AEFA4C200739BF6 /* PeopleItemView.swift */; };
		CDC6666C2AEFC3F900739BF6 /* RankingView.swift in Sources */ = {isa = PBXBuildFile; fileRef = CDC6666B2AEFC3F900739BF6 /* RankingView.swift */; };
		CDC6666F2AEFC56600739BF6 /* StaticJSONMapper.swift in Sources */ = {isa = PBXBuildFile; fileRef = CDC6666E2AEFC56600739BF6 /* StaticJSONMapper.swift */; };
		CDC666712AEFC6D300739BF6 /* UsersResponse.swift in Sources */ = {isa = PBXBuildFile; fileRef = CDC666702AEFC6D300739BF6 /* UsersResponse.swift */; };
		CDC666742AEFC71400739BF6 /* Models.swift in Sources */ = {isa = PBXBuildFile; fileRef = CDC666732AEFC71400739BF6 /* Models.swift */; };
		CDC6667A2AF04EE600739BF6 /* DetailView.swift in Sources */ = {isa = PBXBuildFile; fileRef = CDC666792AF04EE600739BF6 /* DetailView.swift */; };
		CDC6667C2AF050A000739BF6 /* UserDetailResponse.swift in Sources */ = {isa = PBXBuildFile; fileRef = CDC6667B2AF050A000739BF6 /* UserDetailResponse.swift */; };
		CDC6667F2AF0DB2000739BF6 /* NetworkingManager.swift in Sources */ = {isa = PBXBuildFile; fileRef = CDC6667E2AF0DB1F00739BF6 /* NetworkingManager.swift */; };
		CDC666812AF0E99E00739BF6 /* PeopleViewModel.swift in Sources */ = {isa = PBXBuildFile; fileRef = CDC666802AF0E99E00739BF6 /* PeopleViewModel.swift */; };
		CDC666832AF0ECC200739BF6 /* DetailViewModel.swift in Sources */ = {isa = PBXBuildFile; fileRef = CDC666822AF0ECC200739BF6 /* DetailViewModel.swift */; };
		CDC666852AF1098B00739BF6 /* Endpoint.swift in Sources */ = {isa = PBXBuildFile; fileRef = CDC666842AF1098B00739BF6 /* Endpoint.swift */; };
/* End PBXBuildFile section */

/* Begin PBXFileReference section */
		CDC666452AEF955400739BF6 /* ReqResAPI.app */ = {isa = PBXFileReference; explicitFileType = wrapper.application; includeInIndex = 0; path = ReqResAPI.app; sourceTree = BUILT_PRODUCTS_DIR; };
		CDC666482AEF955400739BF6 /* ReqResAPIApp.swift */ = {isa = PBXFileReference; lastKnownFileType = sourcecode.swift; path = ReqResAPIApp.swift; sourceTree = "<group>"; };
		CDC6664A2AEF955400739BF6 /* ContentView.swift */ = {isa = PBXFileReference; lastKnownFileType = sourcecode.swift; path = ContentView.swift; sourceTree = "<group>"; };
		CDC6664C2AEF955800739BF6 /* Assets.xcassets */ = {isa = PBXFileReference; lastKnownFileType = folder.assetcatalog; path = Assets.xcassets; sourceTree = "<group>"; };
		CDC6664F2AEF955800739BF6 /* Preview Assets.xcassets */ = {isa = PBXFileReference; lastKnownFileType = folder.assetcatalog; path = "Preview Assets.xcassets"; sourceTree = "<group>"; };
		CDC666582AEF961300739BF6 /* SingleUserData.json */ = {isa = PBXFileReference; lastKnownFileType = text.json; path = SingleUserData.json; sourceTree = "<group>"; };
		CDC6665A2AEF962F00739BF6 /* UsersStaticData.json */ = {isa = PBXFileReference; lastKnownFileType = text.json; path = UsersStaticData.json; sourceTree = "<group>"; };
		CDC6665C2AEF97F700739BF6 /* Theme.swift */ = {isa = PBXFileReference; lastKnownFileType = sourcecode.swift; path = Theme.swift; sourceTree = "<group>"; };
		CDC6665E2AEF986900739BF6 /* Symbols.swift */ = {isa = PBXFileReference; lastKnownFileType = sourcecode.swift; path = Symbols.swift; sourceTree = "<group>"; };
		CDC666662AEFA35200739BF6 /* PeopleView.swift */ = {isa = PBXFileReference; lastKnownFileType = sourcecode.swift; path = PeopleView.swift; sourceTree = "<group>"; };
		CDC666682AEFA4C200739BF6 /* PeopleItemView.swift */ = {isa = PBXFileReference; lastKnownFileType = sourcecode.swift; path = PeopleItemView.swift; sourceTree = "<group>"; };
		CDC6666B2AEFC3F900739BF6 /* RankingView.swift */ = {isa = PBXFileReference; lastKnownFileType = sourcecode.swift; path = RankingView.swift; sourceTree = "<group>"; };
		CDC6666E2AEFC56600739BF6 /* StaticJSONMapper.swift */ = {isa = PBXFileReference; lastKnownFileType = sourcecode.swift; path = StaticJSONMapper.swift; sourceTree = "<group>"; };
		CDC666702AEFC6D300739BF6 /* UsersResponse.swift */ = {isa = PBXFileReference; lastKnownFileType = sourcecode.swift; path = UsersResponse.swift; sourceTree = "<group>"; };
		CDC666732AEFC71400739BF6 /* Models.swift */ = {isa = PBXFileReference; lastKnownFileType = sourcecode.swift; path = Models.swift; sourceTree = "<group>"; };
		CDC666792AF04EE600739BF6 /* DetailView.swift */ = {isa = PBXFileReference; lastKnownFileType = sourcecode.swift; path = DetailView.swift; sourceTree = "<group>"; };
		CDC6667B2AF050A000739BF6 /* UserDetailResponse.swift */ = {isa = PBXFileReference; lastKnownFileType = sourcecode.swift; path = UserDetailResponse.swift; sourceTree = "<group>"; };
		CDC6667E2AF0DB1F00739BF6 /* NetworkingManager.swift */ = {isa = PBXFileReference; lastKnownFileType = sourcecode.swift; path = NetworkingManager.swift; sourceTree = "<group>"; };
		CDC666802AF0E99E00739BF6 /* PeopleViewModel.swift */ = {isa = PBXFileReference; lastKnownFileType = sourcecode.swift; path = PeopleViewModel.swift; sourceTree = "<group>"; };
		CDC666822AF0ECC200739BF6 /* DetailViewModel.swift */ = {isa = PBXFileReference; lastKnownFileType = sourcecode.swift; path = DetailViewModel.swift; sourceTree = "<group>"; };
		CDC666842AF1098B00739BF6 /* Endpoint.swift */ = {isa = PBXFileReference; lastKnownFileType = sourcecode.swift; path = Endpoint.swift; sourceTree = "<group>"; };
/* End PBXFileReference section */

/* Begin PBXFrameworksBuildPhase section */
		CDC666422AEF955400739BF6 /* Frameworks */ = {
			isa = PBXFrameworksBuildPhase;
			buildActionMask = 2147483647;
			files = (
			);
			runOnlyForDeploymentPostprocessing = 0;
		};
/* End PBXFrameworksBuildPhase section */

/* Begin PBXGroup section */
		CDC6663C2AEF955400739BF6 = {
			isa = PBXGroup;
			children = (
				CDC666472AEF955400739BF6 /* ReqResAPI */,
				CDC666462AEF955400739BF6 /* Products */,
			);
			sourceTree = "<group>";
		};
		CDC666462AEF955400739BF6 /* Products */ = {
			isa = PBXGroup;
			children = (
				CDC666452AEF955400739BF6 /* ReqResAPI.app */,
			);
			name = Products;
			sourceTree = "<group>";
		};
		CDC666472AEF955400739BF6 /* ReqResAPI */ = {
			isa = PBXGroup;
			children = (
				CDC666612AEFA2DE00739BF6 /* Features */,
				CDC666602AEFA2D800739BF6 /* Base */,
				CDC666562AEF95A500739BF6 /* Resources */,
				CDC666482AEF955400739BF6 /* ReqResAPIApp.swift */,
				CDC6664A2AEF955400739BF6 /* ContentView.swift */,
				CDC6664C2AEF955800739BF6 /* Assets.xcassets */,
				CDC6664E2AEF955800739BF6 /* Preview Content */,
			);
			path = ReqResAPI;
			sourceTree = "<group>";
		};
		CDC6664E2AEF955800739BF6 /* Preview Content */ = {
			isa = PBXGroup;
			children = (
				CDC6664F2AEF955800739BF6 /* Preview Assets.xcassets */,
			);
			path = "Preview Content";
			sourceTree = "<group>";
		};
		CDC666562AEF95A500739BF6 /* Resources */ = {
			isa = PBXGroup;
			children = (
				CDC666572AEF95E700739BF6 /* JSON */,
				CDC6665C2AEF97F700739BF6 /* Theme.swift */,
				CDC6665E2AEF986900739BF6 /* Symbols.swift */,
			);
			path = Resources;
			sourceTree = "<group>";
		};
		CDC666572AEF95E700739BF6 /* JSON */ = {
			isa = PBXGroup;
			children = (
				CDC666582AEF961300739BF6 /* SingleUserData.json */,
				CDC6665A2AEF962F00739BF6 /* UsersStaticData.json */,
			);
			path = JSON;
			sourceTree = "<group>";
		};
		CDC666602AEFA2D800739BF6 /* Base */ = {
			isa = PBXGroup;
			children = (
				CDC6667D2AF0DB0D00739BF6 /* API */,
				CDC666722AEFC70400739BF6 /* Model */,
				CDC6666D2AEFC54E00739BF6 /* Mapper */,
				CDC6666A2AEFC3E500739BF6 /* Views */,
			);
			path = Base;
			sourceTree = "<group>";
		};
		CDC666612AEFA2DE00739BF6 /* Features */ = {
			isa = PBXGroup;
			children = (
				CDC666752AF04DE200739BF6 /* Detail */,
				CDC666622AEFA2EB00739BF6 /* People */,
			);
			path = Features;
			sourceTree = "<group>";
		};
		CDC666622AEFA2EB00739BF6 /* People */ = {
			isa = PBXGroup;
			children = (
				CDC666652AEFA32D00739BF6 /* View Models */,
				CDC666642AEFA32500739BF6 /* Model */,
				CDC666632AEFA31D00739BF6 /* Views */,
			);
			path = People;
			sourceTree = "<group>";
		};
		CDC666632AEFA31D00739BF6 /* Views */ = {
			isa = PBXGroup;
			children = (
				CDC666662AEFA35200739BF6 /* PeopleView.swift */,
				CDC666682AEFA4C200739BF6 /* PeopleItemView.swift */,
			);
			path = Views;
			sourceTree = "<group>";
		};
		CDC666642AEFA32500739BF6 /* Model */ = {
			isa = PBXGroup;
			children = (
				CDC666702AEFC6D300739BF6 /* UsersResponse.swift */,
			);
			path = Model;
			sourceTree = "<group>";
		};
		CDC666652AEFA32D00739BF6 /* View Models */ = {
			isa = PBXGroup;
			children = (
				CDC666802AF0E99E00739BF6 /* PeopleViewModel.swift */,
			);
			path = "View Models";
			sourceTree = "<group>";
		};
		CDC6666A2AEFC3E500739BF6 /* Views */ = {
			isa = PBXGroup;
			children = (
				CDC6666B2AEFC3F900739BF6 /* RankingView.swift */,
			);
			path = Views;
			sourceTree = "<group>";
		};
		CDC6666D2AEFC54E00739BF6 /* Mapper */ = {
			isa = PBXGroup;
			children = (
				CDC6666E2AEFC56600739BF6 /* StaticJSONMapper.swift */,
			);
			path = Mapper;
			sourceTree = "<group>";
		};
		CDC666722AEFC70400739BF6 /* Model */ = {
			isa = PBXGroup;
			children = (
				CDC666732AEFC71400739BF6 /* Models.swift */,
			);
			path = Model;
			sourceTree = "<group>";
		};
		CDC666752AF04DE200739BF6 /* Detail */ = {
			isa = PBXGroup;
			children = (
				CDC666782AF04EA600739BF6 /* View Models */,
				CDC666772AF04EA000739BF6 /* Model */,
				CDC666762AF04E9400739BF6 /* Views */,
			);
			path = Detail;
			sourceTree = "<group>";
		};
		CDC666762AF04E9400739BF6 /* Views */ = {
			isa = PBXGroup;
			children = (
				CDC666792AF04EE600739BF6 /* DetailView.swift */,
			);
			path = Views;
			sourceTree = "<group>";
		};
		CDC666772AF04EA000739BF6 /* Model */ = {
			isa = PBXGroup;
			children = (
				CDC6667B2AF050A000739BF6 /* UserDetailResponse.swift */,
			);
			path = Model;
			sourceTree = "<group>";
		};
		CDC666782AF04EA600739BF6 /* View Models */ = {
			isa = PBXGroup;
			children = (
				CDC666822AF0ECC200739BF6 /* DetailViewModel.swift */,
			);
			path = "View Models";
			sourceTree = "<group>";
		};
		CDC6667D2AF0DB0D00739BF6 /* API */ = {
			isa = PBXGroup;
			children = (
				CDC6667E2AF0DB1F00739BF6 /* NetworkingManager.swift */,
				CDC666842AF1098B00739BF6 /* Endpoint.swift */,
			);
			path = API;
			sourceTree = "<group>";
		};
/* End PBXGroup section */

/* Begin PBXNativeTarget section */
		CDC666442AEF955400739BF6 /* ReqResAPI */ = {
			isa = PBXNativeTarget;
			buildConfigurationList = CDC666532AEF955800739BF6 /* Build configuration list for PBXNativeTarget "ReqResAPI" */;
			buildPhases = (
				CDC666412AEF955400739BF6 /* Sources */,
				CDC666422AEF955400739BF6 /* Frameworks */,
				CDC666432AEF955400739BF6 /* Resources */,
			);
			buildRules = (
			);
			dependencies = (
			);
			name = ReqResAPI;
			productName = ReqResAPI;
			productReference = CDC666452AEF955400739BF6 /* ReqResAPI.app */;
			productType = "com.apple.product-type.application";
		};
/* End PBXNativeTarget section */

/* Begin PBXProject section */
		CDC6663D2AEF955400739BF6 /* Project object */ = {
			isa = PBXProject;
			attributes = {
				BuildIndependentTargetsInParallel = 1;
				LastSwiftUpdateCheck = 1500;
				LastUpgradeCheck = 1500;
				TargetAttributes = {
					CDC666442AEF955400739BF6 = {
						CreatedOnToolsVersion = 15.0.1;
					};
				};
			};
			buildConfigurationList = CDC666402AEF955400739BF6 /* Build configuration list for PBXProject "ReqResAPI" */;
			compatibilityVersion = "Xcode 14.0";
			developmentRegion = en;
			hasScannedForEncodings = 0;
			knownRegions = (
				en,
				Base,
			);
			mainGroup = CDC6663C2AEF955400739BF6;
			productRefGroup = CDC666462AEF955400739BF6 /* Products */;
			projectDirPath = "";
			projectRoot = "";
			targets = (
				CDC666442AEF955400739BF6 /* ReqResAPI */,
			);
		};
/* End PBXProject section */

/* Begin PBXResourcesBuildPhase section */
		CDC666432AEF955400739BF6 /* Resources */ = {
			isa = PBXResourcesBuildPhase;
			buildActionMask = 2147483647;
			files = (
				CDC6665B2AEF962F00739BF6 /* UsersStaticData.json in Resources */,
				CDC666592AEF961300739BF6 /* SingleUserData.json in Resources */,
				CDC666502AEF955800739BF6 /* Preview Assets.xcassets in Resources */,
				CDC6664D2AEF955800739BF6 /* Assets.xcassets in Resources */,
			);
			runOnlyForDeploymentPostprocessing = 0;
		};
/* End PBXResourcesBuildPhase section */

/* Begin PBXSourcesBuildPhase section */
		CDC666412AEF955400739BF6 /* Sources */ = {
			isa = PBXSourcesBuildPhase;
			buildActionMask = 2147483647;
			files = (
				CDC6666F2AEFC56600739BF6 /* StaticJSONMapper.swift in Sources */,
				CDC6666C2AEFC3F900739BF6 /* RankingView.swift in Sources */,
				CDC6665D2AEF97F700739BF6 /* Theme.swift in Sources */,
				CDC666672AEFA35200739BF6 /* PeopleView.swift in Sources */,
				CDC6667C2AF050A000739BF6 /* UserDetailResponse.swift in Sources */,
				CDC666692AEFA4C200739BF6 /* PeopleItemView.swift in Sources */,
				CDC6667A2AF04EE600739BF6 /* DetailView.swift in Sources */,
				CDC666712AEFC6D300739BF6 /* UsersResponse.swift in Sources */,
				CDC6667F2AF0DB2000739BF6 /* NetworkingManager.swift in Sources */,
				CDC6665F2AEF986900739BF6 /* Symbols.swift in Sources */,
				CDC666852AF1098B00739BF6 /* Endpoint.swift in Sources */,
				CDC6664B2AEF955400739BF6 /* ContentView.swift in Sources */,
				CDC666812AF0E99E00739BF6 /* PeopleViewModel.swift in Sources */,
				CDC666492AEF955400739BF6 /* ReqResAPIApp.swift in Sources */,
				CDC666832AF0ECC200739BF6 /* DetailViewModel.swift in Sources */,
				CDC666742AEFC71400739BF6 /* Models.swift in Sources */,
			);
			runOnlyForDeploymentPostprocessing = 0;
		};
/* End PBXSourcesBuildPhase section */

/* Begin XCBuildConfiguration section */
		CDC666512AEF955800739BF6 /* Debug */ = {
			isa = XCBuildConfiguration;
			buildSettings = {
				ALWAYS_SEARCH_USER_PATHS = NO;
				ASSETCATALOG_COMPILER_GENERATE_SWIFT_ASSET_SYMBOL_EXTENSIONS = YES;
				CLANG_ANALYZER_NONNULL = YES;
				CLANG_ANALYZER_NUMBER_OBJECT_CONVERSION = YES_AGGRESSIVE;
				CLANG_CXX_LANGUAGE_STANDARD = "gnu++20";
				CLANG_ENABLE_MODULES = YES;
				CLANG_ENABLE_OBJC_ARC = YES;
				CLANG_ENABLE_OBJC_WEAK = YES;
				CLANG_WARN_BLOCK_CAPTURE_AUTORELEASING = YES;
				CLANG_WARN_BOOL_CONVERSION = YES;
				CLANG_WARN_COMMA = YES;
				CLANG_WARN_CONSTANT_CONVERSION = YES;
				CLANG_WARN_DEPRECATED_OBJC_IMPLEMENTATIONS = YES;
				CLANG_WARN_DIRECT_OBJC_ISA_USAGE = YES_ERROR;
				CLANG_WARN_DOCUMENTATION_COMMENTS = YES;
				CLANG_WARN_EMPTY_BODY = YES;
				CLANG_WARN_ENUM_CONVERSION = YES;
				CLANG_WARN_INFINITE_RECURSION = YES;
				CLANG_WARN_INT_CONVERSION = YES;
				CLANG_WARN_NON_LITERAL_NULL_CONVERSION = YES;
				CLANG_WARN_OBJC_IMPLICIT_RETAIN_SELF = YES;
				CLANG_WARN_OBJC_LITERAL_CONVERSION = YES;
				CLANG_WARN_OBJC_ROOT_CLASS = YES_ERROR;
				CLANG_WARN_QUOTED_INCLUDE_IN_FRAMEWORK_HEADER = YES;
				CLANG_WARN_RANGE_LOOP_ANALYSIS = YES;
				CLANG_WARN_STRICT_PROTOTYPES = YES;
				CLANG_WARN_SUSPICIOUS_MOVE = YES;
				CLANG_WARN_UNGUARDED_AVAILABILITY = YES_AGGRESSIVE;
				CLANG_WARN_UNREACHABLE_CODE = YES;
				CLANG_WARN__DUPLICATE_METHOD_MATCH = YES;
				COPY_PHASE_STRIP = NO;
				DEBUG_INFORMATION_FORMAT = dwarf;
				ENABLE_STRICT_OBJC_MSGSEND = YES;
				ENABLE_TESTABILITY = YES;
				ENABLE_USER_SCRIPT_SANDBOXING = YES;
				GCC_C_LANGUAGE_STANDARD = gnu17;
				GCC_DYNAMIC_NO_PIC = NO;
				GCC_NO_COMMON_BLOCKS = YES;
				GCC_OPTIMIZATION_LEVEL = 0;
				GCC_PREPROCESSOR_DEFINITIONS = (
					"DEBUG=1",
					"$(inherited)",
				);
				GCC_WARN_64_TO_32_BIT_CONVERSION = YES;
				GCC_WARN_ABOUT_RETURN_TYPE = YES_ERROR;
				GCC_WARN_UNDECLARED_SELECTOR = YES;
				GCC_WARN_UNINITIALIZED_AUTOS = YES_AGGRESSIVE;
				GCC_WARN_UNUSED_FUNCTION = YES;
				GCC_WARN_UNUSED_VARIABLE = YES;
				IPHONEOS_DEPLOYMENT_TARGET = 17.0;
				LOCALIZATION_PREFERS_STRING_CATALOGS = YES;
				MTL_ENABLE_DEBUG_INFO = INCLUDE_SOURCE;
				MTL_FAST_MATH = YES;
				ONLY_ACTIVE_ARCH = YES;
				SDKROOT = iphoneos;
				SWIFT_ACTIVE_COMPILATION_CONDITIONS = "DEBUG $(inherited)";
				SWIFT_OPTIMIZATION_LEVEL = "-Onone";
			};
			name = Debug;
		};
		CDC666522AEF955800739BF6 /* Release */ = {
			isa = XCBuildConfiguration;
			buildSettings = {
				ALWAYS_SEARCH_USER_PATHS = NO;
				ASSETCATALOG_COMPILER_GENERATE_SWIFT_ASSET_SYMBOL_EXTENSIONS = YES;
				CLANG_ANALYZER_NONNULL = YES;
				CLANG_ANALYZER_NUMBER_OBJECT_CONVERSION = YES_AGGRESSIVE;
				CLANG_CXX_LANGUAGE_STANDARD = "gnu++20";
				CLANG_ENABLE_MODULES = YES;
				CLANG_ENABLE_OBJC_ARC = YES;
				CLANG_ENABLE_OBJC_WEAK = YES;
				CLANG_WARN_BLOCK_CAPTURE_AUTORELEASING = YES;
				CLANG_WARN_BOOL_CONVERSION = YES;
				CLANG_WARN_COMMA = YES;
				CLANG_WARN_CONSTANT_CONVERSION = YES;
				CLANG_WARN_DEPRECATED_OBJC_IMPLEMENTATIONS = YES;
				CLANG_WARN_DIRECT_OBJC_ISA_USAGE = YES_ERROR;
				CLANG_WARN_DOCUMENTATION_COMMENTS = YES;
				CLANG_WARN_EMPTY_BODY = YES;
				CLANG_WARN_ENUM_CONVERSION = YES;
				CLANG_WARN_INFINITE_RECURSION = YES;
				CLANG_WARN_INT_CONVERSION = YES;
				CLANG_WARN_NON_LITERAL_NULL_CONVERSION = YES;
				CLANG_WARN_OBJC_IMPLICIT_RETAIN_SELF = YES;
				CLANG_WARN_OBJC_LITERAL_CONVERSION = YES;
				CLANG_WARN_OBJC_ROOT_CLASS = YES_ERROR;
				CLANG_WARN_QUOTED_INCLUDE_IN_FRAMEWORK_HEADER = YES;
				CLANG_WARN_RANGE_LOOP_ANALYSIS = YES;
				CLANG_WARN_STRICT_PROTOTYPES = YES;
				CLANG_WARN_SUSPICIOUS_MOVE = YES;
				CLANG_WARN_UNGUARDED_AVAILABILITY = YES_AGGRESSIVE;
				CLANG_WARN_UNREACHABLE_CODE = YES;
				CLANG_WARN__DUPLICATE_METHOD_MATCH = YES;
				COPY_PHASE_STRIP = NO;
				DEBUG_INFORMATION_FORMAT = "dwarf-with-dsym";
				ENABLE_NS_ASSERTIONS = NO;
				ENABLE_STRICT_OBJC_MSGSEND = YES;
				ENABLE_USER_SCRIPT_SANDBOXING = YES;
				GCC_C_LANGUAGE_STANDARD = gnu17;
				GCC_NO_COMMON_BLOCKS = YES;
				GCC_WARN_64_TO_32_BIT_CONVERSION = YES;
				GCC_WARN_ABOUT_RETURN_TYPE = YES_ERROR;
				GCC_WARN_UNDECLARED_SELECTOR = YES;
				GCC_WARN_UNINITIALIZED_AUTOS = YES_AGGRESSIVE;
				GCC_WARN_UNUSED_FUNCTION = YES;
				GCC_WARN_UNUSED_VARIABLE = YES;
				IPHONEOS_DEPLOYMENT_TARGET = 17.0;
				LOCALIZATION_PREFERS_STRING_CATALOGS = YES;
				MTL_ENABLE_DEBUG_INFO = NO;
				MTL_FAST_MATH = YES;
				SDKROOT = iphoneos;
				SWIFT_COMPILATION_MODE = wholemodule;
				VALIDATE_PRODUCT = YES;
			};
			name = Release;
		};
		CDC666542AEF955800739BF6 /* Debug */ = {
			isa = XCBuildConfiguration;
			buildSettings = {
				ASSETCATALOG_COMPILER_APPICON_NAME = AppIcon;
				ASSETCATALOG_COMPILER_GLOBAL_ACCENT_COLOR_NAME = AccentColor;
				CODE_SIGN_STYLE = Automatic;
				CURRENT_PROJECT_VERSION = 1;
				DEVELOPMENT_ASSET_PATHS = "\"ReqResAPI/Preview Content\"";
				DEVELOPMENT_TEAM = JKR3XZ5TBQ;
				ENABLE_PREVIEWS = YES;
				GENERATE_INFOPLIST_FILE = YES;
				INFOPLIST_KEY_UIApplicationSceneManifest_Generation = YES;
				INFOPLIST_KEY_UIApplicationSupportsIndirectInputEvents = YES;
				INFOPLIST_KEY_UILaunchScreen_Generation = YES;
				INFOPLIST_KEY_UISupportedInterfaceOrientations_iPad = "UIInterfaceOrientationPortrait UIInterfaceOrientationPortraitUpsideDown UIInterfaceOrientationLandscapeLeft UIInterfaceOrientationLandscapeRight";
				INFOPLIST_KEY_UISupportedInterfaceOrientations_iPhone = "UIInterfaceOrientationPortrait UIInterfaceOrientationLandscapeLeft UIInterfaceOrientationLandscapeRight";
				LD_RUNPATH_SEARCH_PATHS = (
					"$(inherited)",
					"@executable_path/Frameworks",
				);
				MARKETING_VERSION = 1.0;
				PRODUCT_BUNDLE_IDENTIFIER = com.manishparihar.ReqResAPI;
				PRODUCT_NAME = "$(TARGET_NAME)";
				SWIFT_EMIT_LOC_STRINGS = YES;
				SWIFT_VERSION = 5.0;
				TARGETED_DEVICE_FAMILY = "1,2";
			};
			name = Debug;
		};
		CDC666552AEF955800739BF6 /* Release */ = {
			isa = XCBuildConfiguration;
			buildSettings = {
				ASSETCATALOG_COMPILER_APPICON_NAME = AppIcon;
				ASSETCATALOG_COMPILER_GLOBAL_ACCENT_COLOR_NAME = AccentColor;
				CODE_SIGN_STYLE = Automatic;
				CURRENT_PROJECT_VERSION = 1;
				DEVELOPMENT_ASSET_PATHS = "\"ReqResAPI/Preview Content\"";
				DEVELOPMENT_TEAM = JKR3XZ5TBQ;
				ENABLE_PREVIEWS = YES;
				GENERATE_INFOPLIST_FILE = YES;
				INFOPLIST_KEY_UIApplicationSceneManifest_Generation = YES;
				INFOPLIST_KEY_UIApplicationSupportsIndirectInputEvents = YES;
				INFOPLIST_KEY_UILaunchScreen_Generation = YES;
				INFOPLIST_KEY_UISupportedInterfaceOrientations_iPad = "UIInterfaceOrientationPortrait UIInterfaceOrientationPortraitUpsideDown UIInterfaceOrientationLandscapeLeft UIInterfaceOrientationLandscapeRight";
				INFOPLIST_KEY_UISupportedInterfaceOrientations_iPhone = "UIInterfaceOrientationPortrait UIInterfaceOrientationLandscapeLeft UIInterfaceOrientationLandscapeRight";
				LD_RUNPATH_SEARCH_PATHS = (
					"$(inherited)",
					"@executable_path/Frameworks",
				);
				MARKETING_VERSION = 1.0;
				PRODUCT_BUNDLE_IDENTIFIER = com.manishparihar.ReqResAPI;
				PRODUCT_NAME = "$(TARGET_NAME)";
				SWIFT_EMIT_LOC_STRINGS = YES;
				SWIFT_VERSION = 5.0;
				TARGETED_DEVICE_FAMILY = "1,2";
			};
			name = Release;
		};
/* End XCBuildConfiguration section */

/* Begin XCConfigurationList section */
		CDC666402AEF955400739BF6 /* Build configuration list for PBXProject "ReqResAPI" */ = {
			isa = XCConfigurationList;
			buildConfigurations = (
				CDC666512AEF955800739BF6 /* Debug */,
				CDC666522AEF955800739BF6 /* Release */,
			);
			defaultConfigurationIsVisible = 0;
			defaultConfigurationName = Release;
		};
		CDC666532AEF955800739BF6 /* Build configuration list for PBXNativeTarget "ReqResAPI" */ = {
			isa = XCConfigurationList;
			buildConfigurations = (
				CDC666542AEF955800739BF6 /* Debug */,
				CDC666552AEF955800739BF6 /* Release */,
			);
			defaultConfigurationIsVisible = 0;
			defaultConfigurationName = Release;
		};
/* End XCConfigurationList section */
	};
	rootObject = CDC6663D2AEF955400739BF6 /* Project object */;
}
